PODS:
  - goodbyes (1.0)
  - greetings (1.0)

DEPENDENCIES:
  - goodbyes (from `../../components/goodbyes`)
  - greetings (from `../../components/greetings`)

EXTERNAL SOURCES:
  goodbyes:
    :path: "../../components/goodbyes"
  greetings:
    :path: "../../components/greetings"

SPEC CHECKSUMS:
  goodbyes: 72b39783103110b3e154e65673798c56a6a03359
  greetings: d81180721e0bca9ed8f7b3501d406d6fbf4defc4

PODFILE CHECKSUM: 5eb3af2c3ca6a487096cb9215750e25667f6e2b2

COCOAPODS: 1.9.1
